// !$*UTF8*$!
{
	archiveVersion = 1;
	classes = {
	};
	objectVersion = 50;
	objects = {

/* Begin PBXBuildFile section */
		AD4A40A92102D3BA00697E39 /* AppDelegate.swift in Sources */ = {isa = PBXBuildFile; fileRef = AD4A40A82102D3BA00697E39 /* AppDelegate.swift */; };
		AD4A40AB2102D3BA00697E39 /* ViewController.swift in Sources */ = {isa = PBXBuildFile; fileRef = AD4A40AA2102D3BA00697E39 /* ViewController.swift */; };
		AD4A40AE2102D3BA00697E39 /* Main.storyboard in Resources */ = {isa = PBXBuildFile; fileRef = AD4A40AC2102D3BA00697E39 /* Main.storyboard */; };
		AD4A40B02102D3BB00697E39 /* Assets.xcassets in Resources */ = {isa = PBXBuildFile; fileRef = AD4A40AF2102D3BB00697E39 /* Assets.xcassets */; };
		AD4A40B32102D3BB00697E39 /* LaunchScreen.storyboard in Resources */ = {isa = PBXBuildFile; fileRef = AD4A40B12102D3BB00697E39 /* LaunchScreen.storyboard */; };
		AD4A40BE2102D3BB00697E39 /* TestProTests.swift in Sources */ = {isa = PBXBuildFile; fileRef = AD4A40BD2102D3BB00697E39 /* TestProTests.swift */; };
		AD4A40C92102D3BB00697E39 /* TestProUITests.swift in Sources */ = {isa = PBXBuildFile; fileRef = AD4A40C82102D3BB00697E39 /* TestProUITests.swift */; };
/* End PBXBuildFile section */

/* Begin PBXContainerItemProxy section */
		AD4A40BA2102D3BB00697E39 /* PBXContainerItemProxy */ = {
			isa = PBXContainerItemProxy;
			containerPortal = AD4A409D2102D3BA00697E39 /* Project object */;
			proxyType = 1;
			remoteGlobalIDString = AD4A40A42102D3BA00697E39;
			remoteInfo = TestPro;
		};
		AD4A40C52102D3BB00697E39 /* PBXContainerItemProxy */ = {
			isa = PBXContainerItemProxy;
			containerPortal = AD4A409D2102D3BA00697E39 /* Project object */;
			proxyType = 1;
			remoteGlobalIDString = AD4A40A42102D3BA00697E39;
			remoteInfo = TestPro;
		};
/* End PBXContainerItemProxy section */

/* Begin PBXFileReference section */
		AD4A40A52102D3BA00697E39 /* TestPro.app */ = {isa = PBXFileReference; explicitFileType = wrapper.application; includeInIndex = 0; path = TestPro.app; sourceTree = BUILT_PRODUCTS_DIR; };
		AD4A40A82102D3BA00697E39 /* AppDelegate.swift */ = {isa = PBXFileReference; lastKnownFileType = sourcecode.swift; path = AppDelegate.swift; sourceTree = "<group>"; };
		AD4A40AA2102D3BA00697E39 /* ViewController.swift */ = {isa = PBXFileReference; lastKnownFileType = sourcecode.swift; path = ViewController.swift; sourceTree = "<group>"; };
		AD4A40AD2102D3BA00697E39 /* Base */ = {isa = PBXFileReference; lastKnownFileType = file.storyboard; name = Base; path = Base.lproj/Main.storyboard; sourceTree = "<group>"; };
		AD4A40AF2102D3BB00697E39 /* Assets.xcassets */ = {isa = PBXFileReference; lastKnownFileType = folder.assetcatalog; path = Assets.xcassets; sourceTree = "<group>"; };
		AD4A40B22102D3BB00697E39 /* Base */ = {isa = PBXFileReference; lastKnownFileType = file.storyboard; name = Base; path = Base.lproj/LaunchScreen.storyboard; sourceTree = "<group>"; };
		AD4A40B42102D3BB00697E39 /* Info.plist */ = {isa = PBXFileReference; lastKnownFileType = text.plist.xml; path = Info.plist; sourceTree = "<group>"; };
		AD4A40B92102D3BB00697E39 /* TestProTests.xctest */ = {isa = PBXFileReference; explicitFileType = wrapper.cfbundle; includeInIndex = 0; path = TestProTests.xctest; sourceTree = BUILT_PRODUCTS_DIR; };
		AD4A40BD2102D3BB00697E39 /* TestProTests.swift */ = {isa = PBXFileReference; lastKnownFileType = sourcecode.swift; path = TestProTests.swift; sourceTree = "<group>"; };
		AD4A40BF2102D3BB00697E39 /* Info.plist */ = {isa = PBXFileReference; lastKnownFileType = text.plist.xml; path = Info.plist; sourceTree = "<group>"; };
		AD4A40C42102D3BB00697E39 /* TestProUITests.xctest */ = {isa = PBXFileReference; explicitFileType = wrapper.cfbundle; includeInIndex = 0; path = TestProUITests.xctest; sourceTree = BUILT_PRODUCTS_DIR; };
		AD4A40C82102D3BB00697E39 /* TestProUITests.swift */ = {isa = PBXFileReference; lastKnownFileType = sourcecode.swift; path = TestProUITests.swift; sourceTree = "<group>"; };
		AD4A40CA2102D3BB00697E39 /* Info.plist */ = {isa = PBXFileReference; lastKnownFileType = text.plist.xml; path = Info.plist; sourceTree = "<group>"; };
/* End PBXFileReference section */

/* Begin PBXFrameworksBuildPhase section */
		AD4A40A22102D3BA00697E39 /* Frameworks */ = {
			isa = PBXFrameworksBuildPhase;
			buildActionMask = 2147483647;
			files = (
			);
			runOnlyForDeploymentPostprocessing = 0;
		};
		AD4A40B62102D3BB00697E39 /* Frameworks */ = {
			isa = PBXFrameworksBuildPhase;
			buildActionMask = 2147483647;
			files = (
			);
			runOnlyForDeploymentPostprocessing = 0;
		};
		AD4A40C12102D3BB00697E39 /* Frameworks */ = {
			isa = PBXFrameworksBuildPhase;
			buildActionMask = 2147483647;
			files = (
			);
			runOnlyForDeploymentPostprocessing = 0;
		};
/* End PBXFrameworksBuildPhase section */

/* Begin PBXGroup section */
		AD4A409C2102D3BA00697E39 = {
			isa = PBXGroup;
			children = (
				AD4A40A72102D3BA00697E39 /* TestPro */,
				AD4A40BC2102D3BB00697E39 /* TestProTests */,
				AD4A40C72102D3BB00697E39 /* TestProUITests */,
				AD4A40A62102D3BA00697E39 /* Products */,
			);
			sourceTree = "<group>";
		};
		AD4A40A62102D3BA00697E39 /* Products */ = {
			isa = PBXGroup;
			children = (
				AD4A40A52102D3BA00697E39 /* TestPro.app */,
				AD4A40B92102D3BB00697E39 /* TestProTests.xctest */,
				AD4A40C42102D3BB00697E39 /* TestProUITests.xctest */,
			);
			name = Products;
			sourceTree = "<group>";
		};
		AD4A40A72102D3BA00697E39 /* TestPro */ = {
			isa = PBXGroup;
			children = (
				AD4A40A82102D3BA00697E39 /* AppDelegate.swift */,
				AD4A40AA2102D3BA00697E39 /* ViewController.swift */,
				AD4A40AC2102D3BA00697E39 /* Main.storyboard */,
				AD4A40AF2102D3BB00697E39 /* Assets.xcassets */,
				AD4A40B12102D3BB00697E39 /* LaunchScreen.storyboard */,
				AD4A40B42102D3BB00697E39 /* Info.plist */,
			);
			path = TestPro;
			sourceTree = "<group>";
		};
		AD4A40BC2102D3BB00697E39 /* TestProTests */ = {
			isa = PBXGroup;
			children = (
				AD4A40BD2102D3BB00697E39 /* TestProTests.swift */,
				AD4A40BF2102D3BB00697E39 /* Info.plist */,
			);
			path = TestProTests;
			sourceTree = "<group>";
		};
		AD4A40C72102D3BB00697E39 /* TestProUITests */ = {
			isa = PBXGroup;
			children = (
				AD4A40C82102D3BB00697E39 /* TestProUITests.swift */,
				AD4A40CA2102D3BB00697E39 /* Info.plist */,
			);
			path = TestProUITests;
			sourceTree = "<group>";
		};
/* End PBXGroup section */

/* Begin PBXNativeTarget section */
		AD4A40A42102D3BA00697E39 /* TestPro */ = {
			isa = PBXNativeTarget;
			buildConfigurationList = AD4A40CD2102D3BB00697E39 /* Build configuration list for PBXNativeTarget "TestPro" */;
			buildPhases = (
				AD4A40A12102D3BA00697E39 /* Sources */,
				AD4A40A22102D3BA00697E39 /* Frameworks */,
				AD4A40A32102D3BA00697E39 /* Resources */,
			);
			buildRules = (
			);
			dependencies = (
			);
			name = TestPro;
			productName = TestPro;
			productReference = AD4A40A52102D3BA00697E39 /* TestPro.app */;
			productType = "com.apple.product-type.application";
		};
		AD4A40B82102D3BB00697E39 /* TestProTests */ = {
			isa = PBXNativeTarget;
			buildConfigurationList = AD4A40D02102D3BB00697E39 /* Build configuration list for PBXNativeTarget "TestProTests" */;
			buildPhases = (
				AD4A40B52102D3BB00697E39 /* Sources */,
				AD4A40B62102D3BB00697E39 /* Frameworks */,
				AD4A40B72102D3BB00697E39 /* Resources */,
			);
			buildRules = (
			);
			dependencies = (
				AD4A40BB2102D3BB00697E39 /* PBXTargetDependency */,
			);
			name = TestProTests;
			productName = TestProTests;
			productReference = AD4A40B92102D3BB00697E39 /* TestProTests.xctest */;
			productType = "com.apple.product-type.bundle.unit-test";
		};
		AD4A40C32102D3BB00697E39 /* TestProUITests */ = {
			isa = PBXNativeTarget;
			buildConfigurationList = AD4A40D32102D3BB00697E39 /* Build configuration list for PBXNativeTarget "TestProUITests" */;
			buildPhases = (
				AD4A40C02102D3BB00697E39 /* Sources */,
				AD4A40C12102D3BB00697E39 /* Frameworks */,
				AD4A40C22102D3BB00697E39 /* Resources */,
			);
			buildRules = (
			);
			dependencies = (
				AD4A40C62102D3BB00697E39 /* PBXTargetDependency */,
			);
			name = TestProUITests;
			productName = TestProUITests;
			productReference = AD4A40C42102D3BB00697E39 /* TestProUITests.xctest */;
			productType = "com.apple.product-type.bundle.ui-testing";
		};
/* End PBXNativeTarget section */

/* Begin PBXProject section */
		AD4A409D2102D3BA00697E39 /* Project object */ = {
			isa = PBXProject;
			attributes = {
				LastSwiftUpdateCheck = 0940;
				LastUpgradeCheck = 0940;
				ORGANIZATIONNAME = stu1;
				TargetAttributes = {
					AD4A40A42102D3BA00697E39 = {
						CreatedOnToolsVersion = 9.4;
					};
					AD4A40B82102D3BB00697E39 = {
						CreatedOnToolsVersion = 9.4;
						TestTargetID = AD4A40A42102D3BA00697E39;
					};
					AD4A40C32102D3BB00697E39 = {
						CreatedOnToolsVersion = 9.4;
						TestTargetID = AD4A40A42102D3BA00697E39;
					};
				};
			};
			buildConfigurationList = AD4A40A02102D3BA00697E39 /* Build configuration list for PBXProject "TestPro" */;
			compatibilityVersion = "Xcode 9.3";
			developmentRegion = en;
			hasScannedForEncodings = 0;
			knownRegions = (
				en,
				Base,
			);
			mainGroup = AD4A409C2102D3BA00697E39;
			productRefGroup = AD4A40A62102D3BA00697E39 /* Products */;
			projectDirPath = "";
			projectRoot = "";
			targets = (
				AD4A40A42102D3BA00697E39 /* TestPro */,
				AD4A40B82102D3BB00697E39 /* TestProTests */,
				AD4A40C32102D3BB00697E39 /* TestProUITests */,
			);
		};
/* End PBXProject section */

/* Begin PBXResourcesBuildPhase section */
		AD4A40A32102D3BA00697E39 /* Resources */ = {
			isa = PBXResourcesBuildPhase;
			buildActionMask = 2147483647;
			files = (
				AD4A40B32102D3BB00697E39 /* LaunchScreen.storyboard in Resources */,
				AD4A40B02102D3BB00697E39 /* Assets.xcassets in Resources */,
				AD4A40AE2102D3BA00697E39 /* Main.storyboard in Resources */,
			);
			runOnlyForDeploymentPostprocessing = 0;
		};
		AD4A40B72102D3BB00697E39 /* Resources */ = {
			isa = PBXResourcesBuildPhase;
			buildActionMask = 2147483647;
			files = (
			);
			runOnlyForDeploymentPostprocessing = 0;
		};
		AD4A40C22102D3BB00697E39 /* Resources */ = {
			isa = PBXResourcesBuildPhase;
			buildActionMask = 2147483647;
			files = (
			);
			runOnlyForDeploymentPostprocessing = 0;
		};
/* End PBXResourcesBuildPhase section */

/* Begin PBXSourcesBuildPhase section */
		AD4A40A12102D3BA00697E39 /* Sources */ = {
			isa = PBXSourcesBuildPhase;
			buildActionMask = 2147483647;
			files = (
				AD4A40AB2102D3BA00697E39 /* ViewController.swift in Sources */,
				AD4A40A92102D3BA00697E39 /* AppDelegate.swift in Sources */,
			);
			runOnlyForDeploymentPostprocessing = 0;
		};
		AD4A40B52102D3BB00697E39 /* Sources */ = {
			isa = PBXSourcesBuildPhase;
			buildActionMask = 2147483647;
			files = (
				AD4A40BE2102D3BB00697E39 /* TestProTests.swift in Sources */,
			);
			runOnlyForDeploymentPostprocessing = 0;
		};
		AD4A40C02102D3BB00697E39 /* Sources */ = {
			isa = PBXSourcesBuildPhase;
			buildActionMask = 2147483647;
			files = (
				AD4A40C92102D3BB00697E39 /* TestProUITests.swift in Sources */,
			);
			runOnlyForDeploymentPostprocessing = 0;
		};
/* End PBXSourcesBuildPhase section */

/* Begin PBXTargetDependency section */
		AD4A40BB2102D3BB00697E39 /* PBXTargetDependency */ = {
			isa = PBXTargetDependency;
			target = AD4A40A42102D3BA00697E39 /* TestPro */;
			targetProxy = AD4A40BA2102D3BB00697E39 /* PBXContainerItemProxy */;
		};
		AD4A40C62102D3BB00697E39 /* PBXTargetDependency */ = {
			isa = PBXTargetDependency;
			target = AD4A40A42102D3BA00697E39 /* TestPro */;
			targetProxy = AD4A40C52102D3BB00697E39 /* PBXContainerItemProxy */;
		};
/* End PBXTargetDependency section */

/* Begin PBXVariantGroup section */
		AD4A40AC2102D3BA00697E39 /* Main.storyboard */ = {
			isa = PBXVariantGroup;
			children = (
				AD4A40AD2102D3BA00697E39 /* Base */,
			);
			name = Main.storyboard;
			sourceTree = "<group>";
		};
		AD4A40B12102D3BB00697E39 /* LaunchScreen.storyboard */ = {
			isa = PBXVariantGroup;
			children = (
				AD4A40B22102D3BB00697E39 /* Base */,
			);
			name = LaunchScreen.storyboard;
			sourceTree = "<group>";
		};
/* End PBXVariantGroup section */

/* Begin XCBuildConfiguration section */
		AD4A40CB2102D3BB00697E39 /* Debug */ = {
			isa = XCBuildConfiguration;
			buildSettings = {
				ALWAYS_SEARCH_USER_PATHS = NO;
				CLANG_ANALYZER_NONNULL = YES;
				CLANG_ANALYZER_NUMBER_OBJECT_CONVERSION = YES_AGGRESSIVE;
				CLANG_CXX_LANGUAGE_STANDARD = "gnu++14";
				CLANG_CXX_LIBRARY = "libc++";
				CLANG_ENABLE_MODULES = YES;
				CLANG_ENABLE_OBJC_ARC = YES;
				CLANG_ENABLE_OBJC_WEAK = YES;
				CLANG_WARN_BLOCK_CAPTURE_AUTORELEASING = YES;
				CLANG_WARN_BOOL_CONVERSION = YES;
				CLANG_WARN_COMMA = YES;
				CLANG_WARN_CONSTANT_CONVERSION = YES;
				CLANG_WARN_DEPRECATED_OBJC_IMPLEMENTATIONS = YES;
				CLANG_WARN_DIRECT_OBJC_ISA_USAGE = YES_ERROR;
				CLANG_WARN_DOCUMENTATION_COMMENTS = YES;
				CLANG_WARN_EMPTY_BODY = YES;
				CLANG_WARN_ENUM_CONVERSION = YES;
				CLANG_WARN_INFINITE_RECURSION = YES;
				CLANG_WARN_INT_CONVERSION = YES;
				CLANG_WARN_NON_LITERAL_NULL_CONVERSION = YES;
				CLANG_WARN_OBJC_IMPLICIT_RETAIN_SELF = YES;
				CLANG_WARN_OBJC_LITERAL_CONVERSION = YES;
				CLANG_WARN_OBJC_ROOT_CLASS = YES_ERROR;
				CLANG_WARN_RANGE_LOOP_ANALYSIS = YES;
				CLANG_WARN_STRICT_PROTOTYPES = YES;
				CLANG_WARN_SUSPICIOUS_MOVE = YES;
				CLANG_WARN_UNGUARDED_AVAILABILITY = YES_AGGRESSIVE;
				CLANG_WARN_UNREACHABLE_CODE = YES;
				CLANG_WARN__DUPLICATE_METHOD_MATCH = YES;
				CODE_SIGN_IDENTITY = "iPhone Developer";
				COPY_PHASE_STRIP = NO;
				DEBUG_INFORMATION_FORMAT = dwarf;
				ENABLE_STRICT_OBJC_MSGSEND = YES;
				ENABLE_TESTABILITY = YES;
				GCC_C_LANGUAGE_STANDARD = gnu11;
				GCC_DYNAMIC_NO_PIC = NO;
				GCC_NO_COMMON_BLOCKS = YES;
				GCC_OPTIMIZATION_LEVEL = 0;
				GCC_PREPROCESSOR_DEFINITIONS = (
					"DEBUG=1",
					"$(inherited)",
				);
				GCC_WARN_64_TO_32_BIT_CONVERSION = YES;
				GCC_WARN_ABOUT_RETURN_TYPE = YES_ERROR;
				GCC_WARN_UNDECLARED_SELECTOR = YES;
				GCC_WARN_UNINITIALIZED_AUTOS = YES_AGGRESSIVE;
				GCC_WARN_UNUSED_FUNCTION = YES;
				GCC_WARN_UNUSED_VARIABLE = YES;
				IPHONEOS_DEPLOYMENT_TARGET = 11.4;
				MTL_ENABLE_DEBUG_INFO = YES;
				ONLY_ACTIVE_ARCH = YES;
				SDKROOT = iphoneos;
				SWIFT_ACTIVE_COMPILATION_CONDITIONS = DEBUG;
				SWIFT_OPTIMIZATION_LEVEL = "-Onone";
			};
			name = Debug;
		};
		AD4A40CC2102D3BB00697E39 /* Release */ = {
			isa = XCBuildConfiguration;
			buildSettings = {
				ALWAYS_SEARCH_USER_PATHS = NO;
				CLANG_ANALYZER_NONNULL = YES;
				CLANG_ANALYZER_NUMBER_OBJECT_CONVERSION = YES_AGGRESSIVE;
				CLANG_CXX_LANGUAGE_STANDARD = "gnu++14";
				CLANG_CXX_LIBRARY = "libc++";
				CLANG_ENABLE_MODULES = YES;
				CLANG_ENABLE_OBJC_ARC = YES;
				CLANG_ENABLE_OBJC_WEAK = YES;
				CLANG_WARN_BLOCK_CAPTURE_AUTORELEASING = YES;
				CLANG_WARN_BOOL_CONVERSION = YES;
				CLANG_WARN_COMMA = YES;
				CLANG_WARN_CONSTANT_CONVERSION = YES;
				CLANG_WARN_DEPRECATED_OBJC_IMPLEMENTATIONS = YES;
				CLANG_WARN_DIRECT_OBJC_ISA_USAGE = YES_ERROR;
				CLANG_WARN_DOCUMENTATION_COMMENTS = YES;
				CLANG_WARN_EMPTY_BODY = YES;
				CLANG_WARN_ENUM_CONVERSION = YES;
				CLANG_WARN_INFINITE_RECURSION = YES;
				CLANG_WARN_INT_CONVERSION = YES;
				CLANG_WARN_NON_LITERAL_NULL_CONVERSION = YES;
				CLANG_WARN_OBJC_IMPLICIT_RETAIN_SELF = YES;
				CLANG_WARN_OBJC_LITERAL_CONVERSION = YES;
				CLANG_WARN_OBJC_ROOT_CLASS = YES_ERROR;
				CLANG_WARN_RANGE_LOOP_ANALYSIS = YES;
				CLANG_WARN_STRICT_PROTOTYPES = YES;
				CLANG_WARN_SUSPICIOUS_MOVE = YES;
				CLANG_WARN_UNGUARDED_AVAILABILITY = YES_AGGRESSIVE;
				CLANG_WARN_UNREACHABLE_CODE = YES;
				CLANG_WARN__DUPLICATE_METHOD_MATCH = YES;
				CODE_SIGN_IDENTITY = "iPhone Developer";
				COPY_PHASE_STRIP = NO;
				DEBUG_INFORMATION_FORMAT = "dwarf-with-dsym";
				ENABLE_NS_ASSERTIONS = NO;
				ENABLE_STRICT_OBJC_MSGSEND = YES;
				GCC_C_LANGUAGE_STANDARD = gnu11;
				GCC_NO_COMMON_BLOCKS = YES;
				GCC_WARN_64_TO_32_BIT_CONVERSION = YES;
				GCC_WARN_ABOUT_RETURN_TYPE = YES_ERROR;
				GCC_WARN_UNDECLARED_SELECTOR = YES;
				GCC_WARN_UNINITIALIZED_AUTOS = YES_AGGRESSIVE;
				GCC_WARN_UNUSED_FUNCTION = YES;
				GCC_WARN_UNUSED_VARIABLE = YES;
				IPHONEOS_DEPLOYMENT_TARGET = 11.4;
				MTL_ENABLE_DEBUG_INFO = NO;
				SDKROOT = iphoneos;
				SWIFT_COMPILATION_MODE = wholemodule;
				SWIFT_OPTIMIZATION_LEVEL = "-O";
				VALIDATE_PRODUCT = YES;
			};
			name = Release;
		};
		AD4A40CE2102D3BB00697E39 /* Debug */ = {
			isa = XCBuildConfiguration;
			buildSettings = {
				ASSETCATALOG_COMPILER_APPICON_NAME = AppIcon;
				CODE_SIGN_STYLE = Automatic;
				INFOPLIST_FILE = TestPro/Info.plist;
				LD_RUNPATH_SEARCH_PATHS = (
					"$(inherited)",
					"@executable_path/Frameworks",
				);
				PRODUCT_BUNDLE_IDENTIFIER = aa.TestPro;
				PRODUCT_NAME = "$(TARGET_NAME)";
				SWIFT_VERSION = 4.0;
				TARGETED_DEVICE_FAMILY = "1,2";
			};
			name = Debug;
		};
		AD4A40CF2102D3BB00697E39 /* Release */ = {
			isa = XCBuildConfiguration;
			buildSettings = {
				ASSETCATALOG_COMPILER_APPICON_NAME = AppIcon;
				CODE_SIGN_STYLE = Automatic;
				INFOPLIST_FILE = TestPro/Info.plist;
				LD_RUNPATH_SEARCH_PATHS = (
					"$(inherited)",
					"@executable_path/Frameworks",
				);
				PRODUCT_BUNDLE_IDENTIFIER = aa.TestPro;
				PRODUCT_NAME = "$(TARGET_NAME)";
				SWIFT_VERSION = 4.0;
				TARGETED_DEVICE_FAMILY = "1,2";
			};
			name = Release;
		};
		AD4A40D12102D3BB00697E39 /* Debug */ = {
			isa = XCBuildConfiguration;
			buildSettings = {
				ALWAYS_EMBED_SWIFT_STANDARD_LIBRARIES = YES;
				BUNDLE_LOADER = "$(TEST_HOST)";
				CODE_SIGN_STYLE = Automatic;
				INFOPLIST_FILE = TestProTests/Info.plist;
				LD_RUNPATH_SEARCH_PATHS = (
					"$(inherited)",
					"@executable_path/Frameworks",
					"@loader_path/Frameworks",
				);
				PRODUCT_BUNDLE_IDENTIFIER = aa.TestProTests;
				PRODUCT_NAME = "$(TARGET_NAME)";
				SWIFT_VERSION = 4.0;
				TARGETED_DEVICE_FAMILY = "1,2";
				TEST_HOST = "$(BUILT_PRODUCTS_DIR)/TestPro.app/TestPro";
			};
			name = Debug;
		};
		AD4A40D22102D3BB00697E39 /* Release */ = {
			isa = XCBuildConfiguration;
			buildSettings = {
				ALWAYS_EMBED_SWIFT_STANDARD_LIBRARIES = YES;
				BUNDLE_LOADER = "$(TEST_HOST)";
				CODE_SIGN_STYLE = Automatic;
				INFOPLIST_FILE = TestProTests/Info.plist;
				LD_RUNPATH_SEARCH_PATHS = (
					"$(inherited)",
					"@executable_path/Frameworks",
					"@loader_path/Frameworks",
				);
				PRODUCT_BUNDLE_IDENTIFIER = aa.TestProTests;
				PRODUCT_NAME = "$(TARGET_NAME)";
				SWIFT_VERSION = 4.0;
				TARGETED_DEVICE_FAMILY = "1,2";
				TEST_HOST = "$(BUILT_PRODUCTS_DIR)/TestPro.app/TestPro";
			};
			name = Release;
		};
		AD4A40D42102D3BB00697E39 /* Debug */ = {
			isa = XCBuildConfiguration;
			buildSettings = {
				ALWAYS_EMBED_SWIFT_STANDARD_LIBRARIES = YES;
				CODE_SIGN_STYLE = Automatic;
				INFOPLIST_FILE = TestProUITests/Info.plist;
				LD_RUNPATH_SEARCH_PATHS = (
					"$(inherited)",
					"@executable_path/Frameworks",
					"@loader_path/Frameworks",
				);
				PRODUCT_BUNDLE_IDENTIFIER = aa.TestProUITests;
				PRODUCT_NAME = "$(TARGET_NAME)";
				SWIFT_VERSION = 4.0;
				TARGETED_DEVICE_FAMILY = "1,2";
				TEST_TARGET_NAME = TestPro;
			};
			name = Debug;
		};
		AD4A40D52102D3BB00697E39 /* Release */ = {
			isa = XCBuildConfiguration;
			buildSettings = {
				ALWAYS_EMBED_SWIFT_STANDARD_LIBRARIES = YES;
				CODE_SIGN_STYLE = Automatic;
				INFOPLIST_FILE = TestProUITests/Info.plist;
				LD_RUNPATH_SEARCH_PATHS = (
					"$(inherited)",
					"@executable_path/Frameworks",
					"@loader_path/Frameworks",
				);
				PRODUCT_BUNDLE_IDENTIFIER = aa.TestProUITests;
				PRODUCT_NAME = "$(TARGET_NAME)";
				SWIFT_VERSION = 4.0;
				TARGETED_DEVICE_FAMILY = "1,2";
				TEST_TARGET_NAME = TestPro;
			};
			name = Release;
		};
/* End XCBuildConfiguration section */

/* Begin XCConfigurationList section */
		AD4A40A02102D3BA00697E39 /* Build configuration list for PBXProject "TestPro" */ = {
			isa = XCConfigurationList;
			buildConfigurations = (
				AD4A40CB2102D3BB00697E39 /* Debug */,
				AD4A40CC2102D3BB00697E39 /* Release */,
			);
			defaultConfigurationIsVisible = 0;
			defaultConfigurationName = Release;
		};
		AD4A40CD2102D3BB00697E39 /* Build configuration list for PBXNativeTarget "TestPro" */ = {
			isa = XCConfigurationList;
			buildConfigurations = (
				AD4A40CE2102D3BB00697E39 /* Debug */,
				AD4A40CF2102D3BB00697E39 /* Release */,
			);
			defaultConfigurationIsVisible = 0;
			defaultConfigurationName = Release;
		};
		AD4A40D02102D3BB00697E39 /* Build configuration list for PBXNativeTarget "TestProTests" */ = {
			isa = XCConfigurationList;
			buildConfigurations = (
				AD4A40D12102D3BB00697E39 /* Debug */,
				AD4A40D22102D3BB00697E39 /* Release */,
			);
			defaultConfigurationIsVisible = 0;
			defaultConfigurationName = Release;
		};
		AD4A40D32102D3BB00697E39 /* Build configuration list for PBXNativeTarget "TestProUITests" */ = {
			isa = XCConfigurationList;
			buildConfigurations = (
				AD4A40D42102D3BB00697E39 /* Debug */,
				AD4A40D52102D3BB00697E39 /* Release */,
			);
			defaultConfigurationIsVisible = 0;
			defaultConfigurationName = Release;
		};
/* End XCConfigurationList section */
	};
	rootObject = AD4A409D2102D3BA00697E39 /* Project object */;
}
